// !$*UTF8*$!
{
	archiveVersion = 1;
	classes = {
	};
	objectVersion = 44;
	objects = {

/* Begin PBXBuildFile section */
		8D11072A0486CEB800E47090 /* MainMenu.nib in Resources */ = {isa = PBXBuildFile; fileRef = 29B97318FDCFA39411CA2CEA /* MainMenu.nib */; };
		8D11072B0486CEB800E47090 /* InfoPlist.strings in Resources */ = {isa = PBXBuildFile; fileRef = 089C165CFE840E0CC02AAC07 /* InfoPlist.strings */; };
		8D11072D0486CEB800E47090 /* main.m in Sources */ = {isa = PBXBuildFile; fileRef = 29B97316FDCFA39411CA2CEA /* main.m */; settings = {ATTRIBUTES = (); }; };
		8D11072F0486CEB800E47090 /* Cocoa.framework in Frameworks */ = {isa = PBXBuildFile; fileRef = 1058C7A1FEA54F0111CA2CBB /* Cocoa.framework */; };
		AE5D7898139C4DB3001C9FE7 /* GamePlayer.m in Sources */ = {isa = PBXBuildFile; fileRef = AE5D7897139C4DB3001C9FE7 /* GamePlayer.m */; };
		AE5D7918139C5579001C9FE7 /* Blue_Active.png in Resources */ = {isa = PBXBuildFile; fileRef = AE5D7911139C5579001C9FE7 /* Blue_Active.png */; };
		AE5D7919139C5579001C9FE7 /* Blue_Inactive.png in Resources */ = {isa = PBXBuildFile; fileRef = AE5D7912139C5579001C9FE7 /* Blue_Inactive.png */; };
		AE5D791A139C5579001C9FE7 /* Blue_Lock.png in Resources */ = {isa = PBXBuildFile; fileRef = AE5D7913139C5579001C9FE7 /* Blue_Lock.png */; };
		AE5D791B139C5579001C9FE7 /* Ghost_Inactive.png in Resources */ = {isa = PBXBuildFile; fileRef = AE5D7914139C5579001C9FE7 /* Ghost_Inactive.png */; };
		AE5D791C139C5579001C9FE7 /* Gold_Active.png in Resources */ = {isa = PBXBuildFile; fileRef = AE5D7915139C5579001C9FE7 /* Gold_Active.png */; };
		AE5D791D139C5579001C9FE7 /* Gold_Inactive.png in Resources */ = {isa = PBXBuildFile; fileRef = AE5D7916139C5579001C9FE7 /* Gold_Inactive.png */; };
		AE5D791E139C5579001C9FE7 /* Gold_Lock.png in Resources */ = {isa = PBXBuildFile; fileRef = AE5D7917139C5579001C9FE7 /* Gold_Lock.png */; };
		AE8246BA139834CA00A351F8 /* Board.png in Resources */ = {isa = PBXBuildFile; fileRef = AE8246B8139834CA00A351F8 /* Board.png */; };
		AE8247C713983E0600A351F8 /* QuartzCore.framework in Frameworks */ = {isa = PBXBuildFile; fileRef = AE8247C613983E0600A351F8 /* QuartzCore.framework */; };
		AE824A131398525900A351F8 /* GameTile.m in Sources */ = {isa = PBXBuildFile; fileRef = AE824A0C1398525900A351F8 /* GameTile.m */; };
		AE824A141398525900A351F8 /* GameView.m in Sources */ = {isa = PBXBuildFile; fileRef = AE824A0E1398525900A351F8 /* GameView.m */; };
		AE824A151398525900A351F8 /* MainController.m in Sources */ = {isa = PBXBuildFile; fileRef = AE824A101398525900A351F8 /* MainController.m */; };
		AE824A161398525900A351F8 /* GameController.m in Sources */ = {isa = PBXBuildFile; fileRef = AE824A121398525900A351F8 /* GameController.m */; };
		AE824A1B1398526100A351F8 /* TileMap.csv in Resources */ = {isa = PBXBuildFile; fileRef = AE824A191398526100A351F8 /* TileMap.csv */; };
		AEAC6D5013985A0E00698915 /* KBLabel.m in Sources */ = {isa = PBXBuildFile; fileRef = AEAC6D4F13985A0E00698915 /* KBLabel.m */; };
/* End PBXBuildFile section */

/* Begin PBXFileReference section */
		089C165DFE840E0CC02AAC07 /* English */ = {isa = PBXFileReference; fileEncoding = 10; lastKnownFileType = text.plist.strings; name = English; path = English.lproj/InfoPlist.strings; sourceTree = "<group>"; };
		1058C7A1FEA54F0111CA2CBB /* Cocoa.framework */ = {isa = PBXFileReference; lastKnownFileType = wrapper.framework; name = Cocoa.framework; path = /System/Library/Frameworks/Cocoa.framework; sourceTree = "<absolute>"; };
		13E42FB307B3F0F600E4EEF1 /* CoreData.framework */ = {isa = PBXFileReference; lastKnownFileType = wrapper.framework; name = CoreData.framework; path = /System/Library/Frameworks/CoreData.framework; sourceTree = "<absolute>"; };
		29B97316FDCFA39411CA2CEA /* main.m */ = {isa = PBXFileReference; fileEncoding = 4; lastKnownFileType = sourcecode.c.objc; path = main.m; sourceTree = "<group>"; };
		29B97319FDCFA39411CA2CEA /* English */ = {isa = PBXFileReference; lastKnownFileType = wrapper.nib; name = English; path = English.lproj/MainMenu.nib; sourceTree = "<group>"; };
		29B97324FDCFA39411CA2CEA /* AppKit.framework */ = {isa = PBXFileReference; lastKnownFileType = wrapper.framework; name = AppKit.framework; path = /System/Library/Frameworks/AppKit.framework; sourceTree = "<absolute>"; };
		29B97325FDCFA39411CA2CEA /* Foundation.framework */ = {isa = PBXFileReference; lastKnownFileType = wrapper.framework; name = Foundation.framework; path = /System/Library/Frameworks/Foundation.framework; sourceTree = "<absolute>"; };
		32CA4F630368D1EE00C91783 /* StoneMill_Prefix.pch */ = {isa = PBXFileReference; fileEncoding = 4; lastKnownFileType = sourcecode.c.h; path = StoneMill_Prefix.pch; sourceTree = "<group>"; };
		8D1107310486CEB800E47090 /* Info.plist */ = {isa = PBXFileReference; fileEncoding = 4; lastKnownFileType = text.plist.xml; path = Info.plist; sourceTree = "<group>"; };
		8D1107320486CEB800E47090 /* StoneMill.app */ = {isa = PBXFileReference; explicitFileType = wrapper.application; includeInIndex = 0; path = StoneMill.app; sourceTree = BUILT_PRODUCTS_DIR; };
		AE5D7896139C4DB3001C9FE7 /* GamePlayer.h */ = {isa = PBXFileReference; fileEncoding = 4; lastKnownFileType = sourcecode.c.h; name = GamePlayer.h; path = Classes/GamePlayer.h; sourceTree = "<group>"; };
		AE5D7897139C4DB3001C9FE7 /* GamePlayer.m */ = {isa = PBXFileReference; fileEncoding = 4; lastKnownFileType = sourcecode.c.objc; name = GamePlayer.m; path = Classes/GamePlayer.m; sourceTree = "<group>"; };
		AE5D7911139C5579001C9FE7 /* Blue_Active.png */ = {isa = PBXFileReference; lastKnownFileType = image.png; path = Blue_Active.png; sourceTree = "<group>"; };
		AE5D7912139C5579001C9FE7 /* Blue_Inactive.png */ = {isa = PBXFileReference; lastKnownFileType = image.png; path = Blue_Inactive.png; sourceTree = "<group>"; };
		AE5D7913139C5579001C9FE7 /* Blue_Lock.png */ = {isa = PBXFileReference; lastKnownFileType = image.png; path = Blue_Lock.png; sourceTree = "<group>"; };
		AE5D7914139C5579001C9FE7 /* Ghost_Inactive.png */ = {isa = PBXFileReference; lastKnownFileType = image.png; path = Ghost_Inactive.png; sourceTree = "<group>"; };
		AE5D7915139C5579001C9FE7 /* Gold_Active.png */ = {isa = PBXFileReference; lastKnownFileType = image.png; path = Gold_Active.png; sourceTree = "<group>"; };
		AE5D7916139C5579001C9FE7 /* Gold_Inactive.png */ = {isa = PBXFileReference; lastKnownFileType = image.png; path = Gold_Inactive.png; sourceTree = "<group>"; };
		AE5D7917139C5579001C9FE7 /* Gold_Lock.png */ = {isa = PBXFileReference; lastKnownFileType = image.png; path = Gold_Lock.png; sourceTree = "<group>"; };
		AE8246B8139834CA00A351F8 /* Board.png */ = {isa = PBXFileReference; lastKnownFileType = image.png; path = Board.png; sourceTree = "<group>"; };
		AE8247C613983E0600A351F8 /* QuartzCore.framework */ = {isa = PBXFileReference; lastKnownFileType = wrapper.framework; name = QuartzCore.framework; path = /System/Library/Frameworks/QuartzCore.framework; sourceTree = "<absolute>"; };
		AE824A0B1398525900A351F8 /* GameTile.h */ = {isa = PBXFileReference; fileEncoding = 4; lastKnownFileType = sourcecode.c.h; name = GameTile.h; path = Classes/GameTile.h; sourceTree = "<group>"; };
		AE824A0C1398525900A351F8 /* GameTile.m */ = {isa = PBXFileReference; fileEncoding = 4; lastKnownFileType = sourcecode.c.objc; name = GameTile.m; path = Classes/GameTile.m; sourceTree = "<group>"; };
		AE824A0D1398525900A351F8 /* GameView.h */ = {isa = PBXFileReference; fileEncoding = 4; lastKnownFileType = sourcecode.c.h; name = GameView.h; path = Classes/GameView.h; sourceTree = "<group>"; };
		AE824A0E1398525900A351F8 /* GameView.m */ = {isa = PBXFileReference; fileEncoding = 4; lastKnownFileType = sourcecode.c.objc; name = GameView.m; path = Classes/GameView.m; sourceTree = "<group>"; };
		AE824A0F1398525900A351F8 /* MainController.h */ = {isa = PBXFileReference; fileEncoding = 4; lastKnownFileType = sourcecode.c.h; name = MainController.h; path = Classes/MainController.h; sourceTree = "<group>"; };
		AE824A101398525900A351F8 /* MainController.m */ = {isa = PBXFileReference; fileEncoding = 4; lastKnownFileType = sourcecode.c.objc; name = MainController.m; path = Classes/MainController.m; sourceTree = "<group>"; };
		AE824A111398525900A351F8 /* GameController.h */ = {isa = PBXFileReference; fileEncoding = 4; lastKnownFileType = sourcecode.c.h; name = GameController.h; path = Classes/GameController.h; sourceTree = "<group>"; };
		AE824A121398525900A351F8 /* GameController.m */ = {isa = PBXFileReference; fileEncoding = 4; lastKnownFileType = sourcecode.c.objc; name = GameController.m; path = Classes/GameController.m; sourceTree = "<group>"; };
		AE824A181398526100A351F8 /* Notes.rtf */ = {isa = PBXFileReference; lastKnownFileType = text.rtf; path = Notes.rtf; sourceTree = "<group>"; };
		AE824A191398526100A351F8 /* TileMap.csv */ = {isa = PBXFileReference; fileEncoding = 4; lastKnownFileType = text; path = TileMap.csv; sourceTree = "<group>"; };
		AE824A55139853D900A351F8 /* .gitignore */ = {isa = PBXFileReference; fileEncoding = 4; lastKnownFileType = text; path = .gitignore; sourceTree = "<group>"; };
		AEAC6D4E13985A0E00698915 /* KBLabel.h */ = {isa = PBXFileReference; fileEncoding = 4; lastKnownFileType = sourcecode.c.h; path = KBLabel.h; sourceTree = "<group>"; };
		AEAC6D4F13985A0E00698915 /* KBLabel.m */ = {isa = PBXFileReference; fileEncoding = 4; lastKnownFileType = sourcecode.c.objc; path = KBLabel.m; sourceTree = "<group>"; };
/* End PBXFileReference section */

/* Begin PBXFrameworksBuildPhase section */
		8D11072E0486CEB800E47090 /* Frameworks */ = {
			isa = PBXFrameworksBuildPhase;
			buildActionMask = 2147483647;
			files = (
				8D11072F0486CEB800E47090 /* Cocoa.framework in Frameworks */,
				AE8247C713983E0600A351F8 /* QuartzCore.framework in Frameworks */,
			);
			runOnlyForDeploymentPostprocessing = 0;
		};
/* End PBXFrameworksBuildPhase section */

/* Begin PBXGroup section */
		080E96DDFE201D6D7F000001 /* Classes */ = {
			isa = PBXGroup;
			children = (
				AE824A0F1398525900A351F8 /* MainController.h */,
				AE824A101398525900A351F8 /* MainController.m */,
				AE824A0D1398525900A351F8 /* GameView.h */,
				AE824A0E1398525900A351F8 /* GameView.m */,
				AE824A111398525900A351F8 /* GameController.h */,
				AE824A121398525900A351F8 /* GameController.m */,
				AE5D7896139C4DB3001C9FE7 /* GamePlayer.h */,
				AE5D7897139C4DB3001C9FE7 /* GamePlayer.m */,
				AE824A0B1398525900A351F8 /* GameTile.h */,
				AE824A0C1398525900A351F8 /* GameTile.m */,
				AEAC6D4D13985A0E00698915 /* GUI */,
			);
			name = Classes;
			sourceTree = "<group>";
		};
		1058C7A0FEA54F0111CA2CBB /* Linked Frameworks */ = {
			isa = PBXGroup;
			children = (
				AE8247C613983E0600A351F8 /* QuartzCore.framework */,
				1058C7A1FEA54F0111CA2CBB /* Cocoa.framework */,
			);
			name = "Linked Frameworks";
			sourceTree = "<group>";
		};
		1058C7A2FEA54F0111CA2CBB /* Other Frameworks */ = {
			isa = PBXGroup;
			children = (
				29B97324FDCFA39411CA2CEA /* AppKit.framework */,
				13E42FB307B3F0F600E4EEF1 /* CoreData.framework */,
				29B97325FDCFA39411CA2CEA /* Foundation.framework */,
			);
			name = "Other Frameworks";
			sourceTree = "<group>";
		};
		19C28FACFE9D520D11CA2CBB /* Products */ = {
			isa = PBXGroup;
			children = (
				8D1107320486CEB800E47090 /* StoneMill.app */,
			);
			name = Products;
			sourceTree = "<group>";
		};
		29B97314FDCFA39411CA2CEA /* Mills */ = {
			isa = PBXGroup;
			children = (
				AE824A55139853D900A351F8 /* .gitignore */,
				080E96DDFE201D6D7F000001 /* Classes */,
				29B97315FDCFA39411CA2CEA /* Other Sources */,
				29B97317FDCFA39411CA2CEA /* Resources */,
				29B97323FDCFA39411CA2CEA /* Frameworks */,
				19C28FACFE9D520D11CA2CBB /* Products */,
			);
			name = Mills;
			sourceTree = "<group>";
		};
		29B97315FDCFA39411CA2CEA /* Other Sources */ = {
			isa = PBXGroup;
			children = (
				32CA4F630368D1EE00C91783 /* StoneMill_Prefix.pch */,
				29B97316FDCFA39411CA2CEA /* main.m */,
			);
			name = "Other Sources";
			sourceTree = "<group>";
		};
		29B97317FDCFA39411CA2CEA /* Resources */ = {
			isa = PBXGroup;
			children = (
				AE8246B7139834CA00A351F8 /* Graphics */,
				AE824A171398526100A351F8 /* Data */,
				8D1107310486CEB800E47090 /* Info.plist */,
				089C165CFE840E0CC02AAC07 /* InfoPlist.strings */,
				29B97318FDCFA39411CA2CEA /* MainMenu.nib */,
			);
			name = Resources;
			sourceTree = "<group>";
		};
		29B97323FDCFA39411CA2CEA /* Frameworks */ = {
			isa = PBXGroup;
			children = (
				1058C7A0FEA54F0111CA2CBB /* Linked Frameworks */,
				1058C7A2FEA54F0111CA2CBB /* Other Frameworks */,
			);
			name = Frameworks;
			sourceTree = "<group>";
		};
		AE8246B7139834CA00A351F8 /* Graphics */ = {
			isa = PBXGroup;
			children = (
				AE5D7911139C5579001C9FE7 /* Blue_Active.png */,
				AE5D7912139C5579001C9FE7 /* Blue_Inactive.png */,
				AE5D7913139C5579001C9FE7 /* Blue_Lock.png */,
				AE5D7914139C5579001C9FE7 /* Ghost_Inactive.png */,
				AE5D7915139C5579001C9FE7 /* Gold_Active.png */,
				AE5D7916139C5579001C9FE7 /* Gold_Inactive.png */,
				AE5D7917139C5579001C9FE7 /* Gold_Lock.png */,
				AE8246B8139834CA00A351F8 /* Board.png */,
			);
			path = Graphics;
			sourceTree = "<group>";
		};
		AE824A171398526100A351F8 /* Data */ = {
			isa = PBXGroup;
			children = (
				AE824A181398526100A351F8 /* Notes.rtf */,
				AE824A191398526100A351F8 /* TileMap.csv */,
			);
			path = Data;
			sourceTree = "<group>";
		};
		AEAC6D4D13985A0E00698915 /* GUI */ = {
			isa = PBXGroup;
			children = (
				AEAC6D4E13985A0E00698915 /* KBLabel.h */,
				AEAC6D4F13985A0E00698915 /* KBLabel.m */,
			);
			name = GUI;
			path = Classes/GUI;
			sourceTree = "<group>";
		};
/* End PBXGroup section */

/* Begin PBXNativeTarget section */
		8D1107260486CEB800E47090 /* StoneMill */ = {
			isa = PBXNativeTarget;
			buildConfigurationList = C01FCF4A08A954540054247B /* Build configuration list for PBXNativeTarget "StoneMill" */;
			buildPhases = (
				8D1107290486CEB800E47090 /* Resources */,
				8D11072C0486CEB800E47090 /* Sources */,
				8D11072E0486CEB800E47090 /* Frameworks */,
			);
			buildRules = (
			);
			dependencies = (
			);
			name = StoneMill;
			productInstallPath = "$(HOME)/Applications";
			productName = Mills;
			productReference = 8D1107320486CEB800E47090 /* StoneMill.app */;
			productType = "com.apple.product-type.application";
		};
/* End PBXNativeTarget section */

/* Begin PBXProject section */
		29B97313FDCFA39411CA2CEA /* Project object */ = {
			isa = PBXProject;
			buildConfigurationList = C01FCF4E08A954540054247B /* Build configuration list for PBXProject "StoneMill" */;
			compatibilityVersion = "Xcode 3.0";
			hasScannedForEncodings = 1;
			mainGroup = 29B97314FDCFA39411CA2CEA /* Mills */;
			projectDirPath = "";
			projectRoot = "";
			targets = (
				8D1107260486CEB800E47090 /* StoneMill */,
			);
		};
/* End PBXProject section */

/* Begin PBXResourcesBuildPhase section */
		8D1107290486CEB800E47090 /* Resources */ = {
			isa = PBXResourcesBuildPhase;
			buildActionMask = 2147483647;
			files = (
				8D11072A0486CEB800E47090 /* MainMenu.nib in Resources */,
				8D11072B0486CEB800E47090 /* InfoPlist.strings in Resources */,
				AE8246BA139834CA00A351F8 /* Board.png in Resources */,
				AE824A1B1398526100A351F8 /* TileMap.csv in Resources */,
				AE5D7918139C5579001C9FE7 /* Blue_Active.png in Resources */,
				AE5D7919139C5579001C9FE7 /* Blue_Inactive.png in Resources */,
				AE5D791A139C5579001C9FE7 /* Blue_Lock.png in Resources */,
				AE5D791B139C5579001C9FE7 /* Ghost_Inactive.png in Resources */,
				AE5D791C139C5579001C9FE7 /* Gold_Active.png in Resources */,
				AE5D791D139C5579001C9FE7 /* Gold_Inactive.png in Resources */,
				AE5D791E139C5579001C9FE7 /* Gold_Lock.png in Resources */,
			);
			runOnlyForDeploymentPostprocessing = 0;
		};
/* End PBXResourcesBuildPhase section */

/* Begin PBXSourcesBuildPhase section */
		8D11072C0486CEB800E47090 /* Sources */ = {
			isa = PBXSourcesBuildPhase;
			buildActionMask = 2147483647;
			files = (
				8D11072D0486CEB800E47090 /* main.m in Sources */,
				AE824A131398525900A351F8 /* GameTile.m in Sources */,
				AE824A141398525900A351F8 /* GameView.m in Sources */,
				AE824A151398525900A351F8 /* MainController.m in Sources */,
				AE824A161398525900A351F8 /* GameController.m in Sources */,
				AEAC6D5013985A0E00698915 /* KBLabel.m in Sources */,
				AE5D7898139C4DB3001C9FE7 /* GamePlayer.m in Sources */,
			);
			runOnlyForDeploymentPostprocessing = 0;
		};
/* End PBXSourcesBuildPhase section */

/* Begin PBXVariantGroup section */
		089C165CFE840E0CC02AAC07 /* InfoPlist.strings */ = {
			isa = PBXVariantGroup;
			children = (
				089C165DFE840E0CC02AAC07 /* English */,
			);
			name = InfoPlist.strings;
			sourceTree = "<group>";
		};
		29B97318FDCFA39411CA2CEA /* MainMenu.nib */ = {
			isa = PBXVariantGroup;
			children = (
				29B97319FDCFA39411CA2CEA /* English */,
			);
			name = MainMenu.nib;
			sourceTree = "<group>";
		};
/* End PBXVariantGroup section */

/* Begin XCBuildConfiguration section */
		C01FCF4B08A954540054247B /* Debug */ = {
			isa = XCBuildConfiguration;
			buildSettings = {
				COPY_PHASE_STRIP = NO;
				GCC_DYNAMIC_NO_PIC = NO;
				GCC_ENABLE_FIX_AND_CONTINUE = YES;
				GCC_MODEL_TUNING = G5;
				GCC_OPTIMIZATION_LEVEL = 0;
				GCC_PRECOMPILE_PREFIX_HEADER = YES;
				GCC_PREFIX_HEADER = StoneMill_Prefix.pch;
				INFOPLIST_FILE = Info.plist;
				INSTALL_PATH = "$(HOME)/Applications";
				PRODUCT_NAME = StoneMill;
				WRAPPER_EXTENSION = app;
				ZERO_LINK = YES;
			};
			name = Debug;
		};
		C01FCF4C08A954540054247B /* Release */ = {
			isa = XCBuildConfiguration;
			buildSettings = {
				DEBUG_INFORMATION_FORMAT = "dwarf-with-dsym";
				GCC_MODEL_TUNING = G5;
				GCC_PRECOMPILE_PREFIX_HEADER = YES;
				GCC_PREFIX_HEADER = StoneMill_Prefix.pch;
				INFOPLIST_FILE = Info.plist;
				INSTALL_PATH = "$(HOME)/Applications";
				PRODUCT_NAME = StoneMill;
				WRAPPER_EXTENSION = app;
			};
			name = Release;
		};
		C01FCF4F08A954540054247B /* Debug */ = {
			isa = XCBuildConfiguration;
			buildSettings = {
				GCC_WARN_ABOUT_RETURN_TYPE = YES;
				GCC_WARN_UNUSED_VARIABLE = YES;
				PREBINDING = NO;
				SDKROOT = "$(DEVELOPER_SDK_DIR)/MacOSX10.5.sdk";
			};
			name = Debug;
		};
		C01FCF5008A954540054247B /* Release */ = {
			isa = XCBuildConfiguration;
			buildSettings = {
				ARCHS = (
					ppc,
					i386,
				);
				GCC_WARN_ABOUT_RETURN_TYPE = YES;
				GCC_WARN_UNUSED_VARIABLE = YES;
				PREBINDING = NO;
				SDKROOT = "$(DEVELOPER_SDK_DIR)/MacOSX10.5.sdk";
			};
			name = Release;
		};
/* End XCBuildConfiguration section */

/* Begin XCConfigurationList section */
		C01FCF4A08A954540054247B /* Build configuration list for PBXNativeTarget "StoneMill" */ = {
			isa = XCConfigurationList;
			buildConfigurations = (
				C01FCF4B08A954540054247B /* Debug */,
				C01FCF4C08A954540054247B /* Release */,
			);
			defaultConfigurationIsVisible = 0;
			defaultConfigurationName = Release;
		};
		C01FCF4E08A954540054247B /* Build configuration list for PBXProject "StoneMill" */ = {
			isa = XCConfigurationList;
			buildConfigurations = (
				C01FCF4F08A954540054247B /* Debug */,
				C01FCF5008A954540054247B /* Release */,
			);
			defaultConfigurationIsVisible = 0;
			defaultConfigurationName = Release;
		};
/* End XCConfigurationList section */
	};
	rootObject = 29B97313FDCFA39411CA2CEA /* Project object */;
}
