// !$*UTF8*$!
{
	archiveVersion = 1;
	classes = {
	};
	objectVersion = 44;
	objects = {

/* Begin PBXBuildFile section */
		8D11072A0486CEB800E47090 /* MainMenu.nib in Resources */ = {isa = PBXBuildFile; fileRef = 29B97318FDCFA39411CA2CEA /* MainMenu.nib */; };
		8D11072B0486CEB800E47090 /* InfoPlist.strings in Resources */ = {isa = PBXBuildFile; fileRef = 089C165CFE840E0CC02AAC07 /* InfoPlist.strings */; };
		8D11072D0486CEB800E47090 /* main.m in Sources */ = {isa = PBXBuildFile; fileRef = 29B97316FDCFA39411CA2CEA /* main.m */; settings = {ATTRIBUTES = (); }; };
		8D11072F0486CEB800E47090 /* Cocoa.framework in Frameworks */ = {isa = PBXBuildFile; fileRef = 1058C7A1FEA54F0111CA2CBB /* Cocoa.framework */; };
		AE2923D513C6932400AEC1BF /* Game_Paused.png in Resources */ = {isa = PBXBuildFile; fileRef = AE2923D413C6932400AEC1BF /* Game_Paused.png */; };
		AE2A330D139D8855009EE448 /* Notes.rtf in Resources */ = {isa = PBXBuildFile; fileRef = AE2A330C139D8855009EE448 /* Notes.rtf */; };
		AE2B777B13C376B20003CAEA /* Background.png in Resources */ = {isa = PBXBuildFile; fileRef = AE2B777A13C376B20003CAEA /* Background.png */; };
		AE46CD4013D6318C002EB60F /* Blue_Active.png in Resources */ = {isa = PBXBuildFile; fileRef = AE46CD3913D6318C002EB60F /* Blue_Active.png */; };
		AE46CD4113D6318C002EB60F /* Blue_Inactive.png in Resources */ = {isa = PBXBuildFile; fileRef = AE46CD3A13D6318C002EB60F /* Blue_Inactive.png */; };
		AE46CD4313D6318C002EB60F /* Ghost_Inactive.png in Resources */ = {isa = PBXBuildFile; fileRef = AE46CD3C13D6318C002EB60F /* Ghost_Inactive.png */; };
		AE46CD4413D6318C002EB60F /* Gold_Active.png in Resources */ = {isa = PBXBuildFile; fileRef = AE46CD3D13D6318C002EB60F /* Gold_Active.png */; };
		AE46CD4513D6318C002EB60F /* Gold_Inactive.png in Resources */ = {isa = PBXBuildFile; fileRef = AE46CD3E13D6318C002EB60F /* Gold_Inactive.png */; };
		AE46CD5213DA148B002EB60F /* Game_Blue_Wins.png in Resources */ = {isa = PBXBuildFile; fileRef = AE46CD4F13DA148B002EB60F /* Game_Blue_Wins.png */; };
		AE46CD5313DA148B002EB60F /* Game_Draw.png in Resources */ = {isa = PBXBuildFile; fileRef = AE46CD5013DA148B002EB60F /* Game_Draw.png */; };
		AE46CD5413DA148B002EB60F /* Game_Gold_Wins.png in Resources */ = {isa = PBXBuildFile; fileRef = AE46CD5113DA148B002EB60F /* Game_Gold_Wins.png */; };
		AE46CD5613DA2390002EB60F /* Bottom_Tab.png in Resources */ = {isa = PBXBuildFile; fileRef = AE46CD5513DA2390002EB60F /* Bottom_Tab.png */; };
		AE5D7898139C4DB3001C9FE7 /* GamePlayer.m in Sources */ = {isa = PBXBuildFile; fileRef = AE5D7897139C4DB3001C9FE7 /* GamePlayer.m */; };
		AE5D79F1139C6AC2001C9FE7 /* Quarry.png in Resources */ = {isa = PBXBuildFile; fileRef = AE5D79F0139C6AC2001C9FE7 /* Quarry.png */; };
		AE80F5C513B5392400D7D227 /* Regular_CoordMap.plist in Resources */ = {isa = PBXBuildFile; fileRef = AE80F5C413B5392400D7D227 /* Regular_CoordMap.plist */; };
		AE8246BA139834CA00A351F8 /* Board.png in Resources */ = {isa = PBXBuildFile; fileRef = AE8246B8139834CA00A351F8 /* Board.png */; };
		AE8247C713983E0600A351F8 /* QuartzCore.framework in Frameworks */ = {isa = PBXBuildFile; fileRef = AE8247C613983E0600A351F8 /* QuartzCore.framework */; };
		AE824A131398525900A351F8 /* GameTile.m in Sources */ = {isa = PBXBuildFile; fileRef = AE824A0C1398525900A351F8 /* GameTile.m */; };
		AE824A141398525900A351F8 /* GameView.m in Sources */ = {isa = PBXBuildFile; fileRef = AE824A0E1398525900A351F8 /* GameView.m */; };
		AE824A151398525900A351F8 /* MainController.m in Sources */ = {isa = PBXBuildFile; fileRef = AE824A101398525900A351F8 /* MainController.m */; };
		AE824A161398525900A351F8 /* GameController.m in Sources */ = {isa = PBXBuildFile; fileRef = AE824A121398525900A351F8 /* GameController.m */; };
		AEA2AB16139DB953009919A0 /* Drop Zone.png in Resources */ = {isa = PBXBuildFile; fileRef = AEA2AB15139DB953009919A0 /* Drop Zone.png */; };
		AEA9926413EA481700C9CB82 /* Boards.plist in Resources */ = {isa = PBXBuildFile; fileRef = AEA9926313EA481700C9CB82 /* Boards.plist */; };
		AEAC6D5013985A0E00698915 /* KBLabel.m in Sources */ = {isa = PBXBuildFile; fileRef = AEAC6D4F13985A0E00698915 /* KBLabel.m */; };
		AEFA96F713D22493000A9C2F /* Closed.wav in Resources */ = {isa = PBXBuildFile; fileRef = AEFA96F513D22493000A9C2F /* Closed.wav */; };
		AEFA96F813D22493000A9C2F /* Error.wav in Resources */ = {isa = PBXBuildFile; fileRef = AEFA96F613D22493000A9C2F /* Error.wav */; };
		AEFA96FB13D388D1000A9C2F /* Regular_Mill.png in Resources */ = {isa = PBXBuildFile; fileRef = AEFA96FA13D388D1000A9C2F /* Regular_Mill.png */; };
		AEFA96FD13D38CD2000A9C2F /* Remove.wav in Resources */ = {isa = PBXBuildFile; fileRef = AEFA96FC13D38CD2000A9C2F /* Remove.wav */; };
		AEFA96FF13D39D9F000A9C2F /* Click.wav in Resources */ = {isa = PBXBuildFile; fileRef = AEFA96FE13D39D9F000A9C2F /* Click.wav */; };
		AEFA970113D3A245000A9C2F /* Möbius_Mill.png in Resources */ = {isa = PBXBuildFile; fileRef = AEFA970013D3A245000A9C2F /* Möbius_Mill.png */; };
		AEFA970313D3A251000A9C2F /* Möbius_CoordMap.plist in Resources */ = {isa = PBXBuildFile; fileRef = AEFA970213D3A251000A9C2F /* Möbius_CoordMap.plist */; };
/* End PBXBuildFile section */

/* Begin PBXFileReference section */
		089C165DFE840E0CC02AAC07 /* English */ = {isa = PBXFileReference; fileEncoding = 10; lastKnownFileType = text.plist.strings; name = English; path = English.lproj/InfoPlist.strings; sourceTree = "<group>"; };
		1058C7A1FEA54F0111CA2CBB /* Cocoa.framework */ = {isa = PBXFileReference; lastKnownFileType = wrapper.framework; name = Cocoa.framework; path = /System/Library/Frameworks/Cocoa.framework; sourceTree = "<absolute>"; };
		13E42FB307B3F0F600E4EEF1 /* CoreData.framework */ = {isa = PBXFileReference; lastKnownFileType = wrapper.framework; name = CoreData.framework; path = /System/Library/Frameworks/CoreData.framework; sourceTree = "<absolute>"; };
		29B97316FDCFA39411CA2CEA /* main.m */ = {isa = PBXFileReference; fileEncoding = 4; lastKnownFileType = sourcecode.c.objc; path = main.m; sourceTree = "<group>"; };
		29B97319FDCFA39411CA2CEA /* English */ = {isa = PBXFileReference; lastKnownFileType = wrapper.nib; name = English; path = English.lproj/MainMenu.nib; sourceTree = "<group>"; };
		29B97324FDCFA39411CA2CEA /* AppKit.framework */ = {isa = PBXFileReference; lastKnownFileType = wrapper.framework; name = AppKit.framework; path = /System/Library/Frameworks/AppKit.framework; sourceTree = "<absolute>"; };
		29B97325FDCFA39411CA2CEA /* Foundation.framework */ = {isa = PBXFileReference; lastKnownFileType = wrapper.framework; name = Foundation.framework; path = /System/Library/Frameworks/Foundation.framework; sourceTree = "<absolute>"; };
		32CA4F630368D1EE00C91783 /* StoneMill_Prefix.pch */ = {isa = PBXFileReference; fileEncoding = 4; lastKnownFileType = sourcecode.c.h; path = StoneMill_Prefix.pch; sourceTree = "<group>"; };
		8D1107310486CEB800E47090 /* Info.plist */ = {isa = PBXFileReference; fileEncoding = 4; lastKnownFileType = text.plist.xml; path = Info.plist; sourceTree = "<group>"; };
		8D1107320486CEB800E47090 /* StoneMill.app */ = {isa = PBXFileReference; explicitFileType = wrapper.application; includeInIndex = 0; path = StoneMill.app; sourceTree = BUILT_PRODUCTS_DIR; };
		AE2923D413C6932400AEC1BF /* Game_Paused.png */ = {isa = PBXFileReference; lastKnownFileType = image.png; path = Game_Paused.png; sourceTree = "<group>"; };
		AE2A330C139D8855009EE448 /* Notes.rtf */ = {isa = PBXFileReference; lastKnownFileType = text.rtf; path = Notes.rtf; sourceTree = "<group>"; };
		AE2B777A13C376B20003CAEA /* Background.png */ = {isa = PBXFileReference; lastKnownFileType = image.png; path = Background.png; sourceTree = "<group>"; };
		AE46CD3913D6318C002EB60F /* Blue_Active.png */ = {isa = PBXFileReference; lastKnownFileType = image.png; path = Blue_Active.png; sourceTree = "<group>"; };
		AE46CD3A13D6318C002EB60F /* Blue_Inactive.png */ = {isa = PBXFileReference; lastKnownFileType = image.png; path = Blue_Inactive.png; sourceTree = "<group>"; };
		AE46CD3C13D6318C002EB60F /* Ghost_Inactive.png */ = {isa = PBXFileReference; lastKnownFileType = image.png; path = Ghost_Inactive.png; sourceTree = "<group>"; };
		AE46CD3D13D6318C002EB60F /* Gold_Active.png */ = {isa = PBXFileReference; lastKnownFileType = image.png; path = Gold_Active.png; sourceTree = "<group>"; };
		AE46CD3E13D6318C002EB60F /* Gold_Inactive.png */ = {isa = PBXFileReference; lastKnownFileType = image.png; path = Gold_Inactive.png; sourceTree = "<group>"; };
		AE46CD4F13DA148B002EB60F /* Game_Blue_Wins.png */ = {isa = PBXFileReference; lastKnownFileType = image.png; path = Game_Blue_Wins.png; sourceTree = "<group>"; };
		AE46CD5013DA148B002EB60F /* Game_Draw.png */ = {isa = PBXFileReference; lastKnownFileType = image.png; path = Game_Draw.png; sourceTree = "<group>"; };
		AE46CD5113DA148B002EB60F /* Game_Gold_Wins.png */ = {isa = PBXFileReference; lastKnownFileType = image.png; path = Game_Gold_Wins.png; sourceTree = "<group>"; };
		AE46CD5513DA2390002EB60F /* Bottom_Tab.png */ = {isa = PBXFileReference; lastKnownFileType = image.png; path = Bottom_Tab.png; sourceTree = "<group>"; };
		AE5D7896139C4DB3001C9FE7 /* GamePlayer.h */ = {isa = PBXFileReference; fileEncoding = 4; lastKnownFileType = sourcecode.c.h; name = GamePlayer.h; path = Classes/GamePlayer.h; sourceTree = "<group>"; };
		AE5D7897139C4DB3001C9FE7 /* GamePlayer.m */ = {isa = PBXFileReference; fileEncoding = 4; lastKnownFileType = sourcecode.c.objc; name = GamePlayer.m; path = Classes/GamePlayer.m; sourceTree = "<group>"; };
		AE5D79F0139C6AC2001C9FE7 /* Quarry.png */ = {isa = PBXFileReference; lastKnownFileType = image.png; path = Quarry.png; sourceTree = "<group>"; };
		AE80F5C413B5392400D7D227 /* Regular_CoordMap.plist */ = {isa = PBXFileReference; fileEncoding = 4; lastKnownFileType = text.plist.xml; path = Regular_CoordMap.plist; sourceTree = "<group>"; };
		AE8246B8139834CA00A351F8 /* Board.png */ = {isa = PBXFileReference; lastKnownFileType = image.png; path = Board.png; sourceTree = "<group>"; };
		AE8247C613983E0600A351F8 /* QuartzCore.framework */ = {isa = PBXFileReference; lastKnownFileType = wrapper.framework; name = QuartzCore.framework; path = /System/Library/Frameworks/QuartzCore.framework; sourceTree = "<absolute>"; };
		AE824A0B1398525900A351F8 /* GameTile.h */ = {isa = PBXFileReference; fileEncoding = 4; lastKnownFileType = sourcecode.c.h; name = GameTile.h; path = Classes/GameTile.h; sourceTree = "<group>"; };
		AE824A0C1398525900A351F8 /* GameTile.m */ = {isa = PBXFileReference; fileEncoding = 4; lastKnownFileType = sourcecode.c.objc; name = GameTile.m; path = Classes/GameTile.m; sourceTree = "<group>"; };
		AE824A0D1398525900A351F8 /* GameView.h */ = {isa = PBXFileReference; fileEncoding = 4; lastKnownFileType = sourcecode.c.h; name = GameView.h; path = Classes/GameView.h; sourceTree = "<group>"; };
		AE824A0E1398525900A351F8 /* GameView.m */ = {isa = PBXFileReference; fileEncoding = 4; lastKnownFileType = sourcecode.c.objc; name = GameView.m; path = Classes/GameView.m; sourceTree = "<group>"; };
		AE824A0F1398525900A351F8 /* MainController.h */ = {isa = PBXFileReference; fileEncoding = 4; lastKnownFileType = sourcecode.c.h; name = MainController.h; path = Classes/MainController.h; sourceTree = "<group>"; };
		AE824A101398525900A351F8 /* MainController.m */ = {isa = PBXFileReference; fileEncoding = 4; lastKnownFileType = sourcecode.c.objc; name = MainController.m; path = Classes/MainController.m; sourceTree = "<group>"; };
		AE824A111398525900A351F8 /* GameController.h */ = {isa = PBXFileReference; fileEncoding = 4; lastKnownFileType = sourcecode.c.h; name = GameController.h; path = Classes/GameController.h; sourceTree = "<group>"; };
		AE824A121398525900A351F8 /* GameController.m */ = {isa = PBXFileReference; fileEncoding = 4; lastKnownFileType = sourcecode.c.objc; name = GameController.m; path = Classes/GameController.m; sourceTree = "<group>"; };
		AE824A55139853D900A351F8 /* .gitignore */ = {isa = PBXFileReference; fileEncoding = 4; lastKnownFileType = text; path = .gitignore; sourceTree = "<group>"; };
		AEA2AB15139DB953009919A0 /* Drop Zone.png */ = {isa = PBXFileReference; lastKnownFileType = image.png; path = "Drop Zone.png"; sourceTree = "<group>"; };
		AEA9926313EA481700C9CB82 /* Boards.plist */ = {isa = PBXFileReference; fileEncoding = 4; lastKnownFileType = text.plist.xml; path = Boards.plist; sourceTree = "<group>"; };
		AEAC6D4E13985A0E00698915 /* KBLabel.h */ = {isa = PBXFileReference; fileEncoding = 4; lastKnownFileType = sourcecode.c.h; path = KBLabel.h; sourceTree = "<group>"; };
		AEAC6D4F13985A0E00698915 /* KBLabel.m */ = {isa = PBXFileReference; fileEncoding = 4; lastKnownFileType = sourcecode.c.objc; path = KBLabel.m; sourceTree = "<group>"; };
		AEFA96F513D22493000A9C2F /* Closed.wav */ = {isa = PBXFileReference; lastKnownFileType = audio.wav; path = Closed.wav; sourceTree = "<group>"; };
		AEFA96F613D22493000A9C2F /* Error.wav */ = {isa = PBXFileReference; lastKnownFileType = audio.wav; path = Error.wav; sourceTree = "<group>"; };
		AEFA96FA13D388D1000A9C2F /* Regular_Mill.png */ = {isa = PBXFileReference; lastKnownFileType = image.png; path = Regular_Mill.png; sourceTree = "<group>"; };
		AEFA96FC13D38CD2000A9C2F /* Remove.wav */ = {isa = PBXFileReference; lastKnownFileType = audio.wav; path = Remove.wav; sourceTree = "<group>"; };
		AEFA96FE13D39D9F000A9C2F /* Click.wav */ = {isa = PBXFileReference; lastKnownFileType = audio.wav; path = Click.wav; sourceTree = "<group>"; };
		AEFA970013D3A245000A9C2F /* Möbius_Mill.png */ = {isa = PBXFileReference; lastKnownFileType = image.png; path = "Möbius_Mill.png"; sourceTree = "<group>"; };
		AEFA970213D3A251000A9C2F /* Möbius_CoordMap.plist */ = {isa = PBXFileReference; fileEncoding = 4; lastKnownFileType = text.plist.xml; path = "Möbius_CoordMap.plist"; sourceTree = "<group>"; };
/* End PBXFileReference section */

/* Begin PBXFrameworksBuildPhase section */
		8D11072E0486CEB800E47090 /* Frameworks */ = {
			isa = PBXFrameworksBuildPhase;
			buildActionMask = 2147483647;
			files = (
				8D11072F0486CEB800E47090 /* Cocoa.framework in Frameworks */,
				AE8247C713983E0600A351F8 /* QuartzCore.framework in Frameworks */,
			);
			runOnlyForDeploymentPostprocessing = 0;
		};
/* End PBXFrameworksBuildPhase section */

/* Begin PBXGroup section */
		080E96DDFE201D6D7F000001 /* Classes */ = {
			isa = PBXGroup;
			children = (
				AE824A0F1398525900A351F8 /* MainController.h */,
				AE824A101398525900A351F8 /* MainController.m */,
				AE824A0D1398525900A351F8 /* GameView.h */,
				AE824A0E1398525900A351F8 /* GameView.m */,
				AE824A111398525900A351F8 /* GameController.h */,
				AE824A121398525900A351F8 /* GameController.m */,
				AE5D7896139C4DB3001C9FE7 /* GamePlayer.h */,
				AE5D7897139C4DB3001C9FE7 /* GamePlayer.m */,
				AE824A0B1398525900A351F8 /* GameTile.h */,
				AE824A0C1398525900A351F8 /* GameTile.m */,
				AEAC6D4D13985A0E00698915 /* GUI */,
			);
			name = Classes;
			sourceTree = "<group>";
		};
		1058C7A0FEA54F0111CA2CBB /* Linked Frameworks */ = {
			isa = PBXGroup;
			children = (
				AE8247C613983E0600A351F8 /* QuartzCore.framework */,
				1058C7A1FEA54F0111CA2CBB /* Cocoa.framework */,
			);
			name = "Linked Frameworks";
			sourceTree = "<group>";
		};
		1058C7A2FEA54F0111CA2CBB /* Other Frameworks */ = {
			isa = PBXGroup;
			children = (
				29B97324FDCFA39411CA2CEA /* AppKit.framework */,
				13E42FB307B3F0F600E4EEF1 /* CoreData.framework */,
				29B97325FDCFA39411CA2CEA /* Foundation.framework */,
			);
			name = "Other Frameworks";
			sourceTree = "<group>";
		};
		19C28FACFE9D520D11CA2CBB /* Products */ = {
			isa = PBXGroup;
			children = (
				8D1107320486CEB800E47090 /* StoneMill.app */,
			);
			name = Products;
			sourceTree = "<group>";
		};
		29B97314FDCFA39411CA2CEA /* Mills */ = {
			isa = PBXGroup;
			children = (
				AE824A55139853D900A351F8 /* .gitignore */,
				080E96DDFE201D6D7F000001 /* Classes */,
				29B97315FDCFA39411CA2CEA /* Other Sources */,
				29B97317FDCFA39411CA2CEA /* Resources */,
				29B97323FDCFA39411CA2CEA /* Frameworks */,
				19C28FACFE9D520D11CA2CBB /* Products */,
			);
			name = Mills;
			sourceTree = "<group>";
		};
		29B97315FDCFA39411CA2CEA /* Other Sources */ = {
			isa = PBXGroup;
			children = (
				32CA4F630368D1EE00C91783 /* StoneMill_Prefix.pch */,
				29B97316FDCFA39411CA2CEA /* main.m */,
			);
			name = "Other Sources";
			sourceTree = "<group>";
		};
		29B97317FDCFA39411CA2CEA /* Resources */ = {
			isa = PBXGroup;
			children = (
				AEFA96F413D22493000A9C2F /* Sounds */,
				AE8246B7139834CA00A351F8 /* Graphics */,
				AE824A171398526100A351F8 /* Data */,
				8D1107310486CEB800E47090 /* Info.plist */,
				089C165CFE840E0CC02AAC07 /* InfoPlist.strings */,
				29B97318FDCFA39411CA2CEA /* MainMenu.nib */,
			);
			name = Resources;
			sourceTree = "<group>";
		};
		29B97323FDCFA39411CA2CEA /* Frameworks */ = {
			isa = PBXGroup;
			children = (
				1058C7A0FEA54F0111CA2CBB /* Linked Frameworks */,
				1058C7A2FEA54F0111CA2CBB /* Other Frameworks */,
			);
			name = Frameworks;
			sourceTree = "<group>";
		};
		AE2923D613C6947700AEC1BF /* Messages */ = {
			isa = PBXGroup;
			children = (
				AE46CD5513DA2390002EB60F /* Bottom_Tab.png */,
				AE46CD4F13DA148B002EB60F /* Game_Blue_Wins.png */,
				AE46CD5013DA148B002EB60F /* Game_Draw.png */,
				AE46CD5113DA148B002EB60F /* Game_Gold_Wins.png */,
				AE2923D413C6932400AEC1BF /* Game_Paused.png */,
			);
			name = Messages;
			sourceTree = "<group>";
		};
		AE46CD3813D6318C002EB60F /* Stones */ = {
			isa = PBXGroup;
			children = (
				AE46CD3913D6318C002EB60F /* Blue_Active.png */,
				AE46CD3A13D6318C002EB60F /* Blue_Inactive.png */,
				AE46CD3C13D6318C002EB60F /* Ghost_Inactive.png */,
				AE46CD3D13D6318C002EB60F /* Gold_Active.png */,
				AE46CD3E13D6318C002EB60F /* Gold_Inactive.png */,
			);
			path = Stones;
			sourceTree = "<group>";
		};
		AE8246B7139834CA00A351F8 /* Graphics */ = {
			isa = PBXGroup;
			children = (
				AE2B777A13C376B20003CAEA /* Background.png */,
				AE8246B8139834CA00A351F8 /* Board.png */,
				AEFA96F913D388D1000A9C2F /* Boards */,
				AE2923D613C6947700AEC1BF /* Messages */,
				AE46CD3813D6318C002EB60F /* Stones */,
				AEA2AB15139DB953009919A0 /* Drop Zone.png */,
				AE5D79F0139C6AC2001C9FE7 /* Quarry.png */,
			);
			path = Graphics;
			sourceTree = "<group>";
		};
		AE824A171398526100A351F8 /* Data */ = {
			isa = PBXGroup;
			children = (
				AEA9926313EA481700C9CB82 /* Boards.plist */,
				AE80F5C413B5392400D7D227 /* Regular_CoordMap.plist */,
				AEFA970213D3A251000A9C2F /* Möbius_CoordMap.plist */,
				AE2A330C139D8855009EE448 /* Notes.rtf */,
			);
			path = Data;
			sourceTree = "<group>";
		};
		AEAC6D4D13985A0E00698915 /* GUI */ = {
			isa = PBXGroup;
			children = (
				AEAC6D4E13985A0E00698915 /* KBLabel.h */,
				AEAC6D4F13985A0E00698915 /* KBLabel.m */,
			);
			name = GUI;
			path = Classes/GUI;
			sourceTree = "<group>";
		};
		AEFA96F413D22493000A9C2F /* Sounds */ = {
			isa = PBXGroup;
			children = (
				AEFA96FE13D39D9F000A9C2F /* Click.wav */,
				AEFA96F513D22493000A9C2F /* Closed.wav */,
				AEFA96F613D22493000A9C2F /* Error.wav */,
				AEFA96FC13D38CD2000A9C2F /* Remove.wav */,
			);
			path = Sounds;
			sourceTree = "<group>";
		};
		AEFA96F913D388D1000A9C2F /* Boards */ = {
			isa = PBXGroup;
			children = (
				AEFA96FA13D388D1000A9C2F /* Regular_Mill.png */,
				AEFA970013D3A245000A9C2F /* Möbius_Mill.png */,
			);
			path = Boards;
			sourceTree = "<group>";
		};
/* End PBXGroup section */

/* Begin PBXNativeTarget section */
		8D1107260486CEB800E47090 /* StoneMill */ = {
			isa = PBXNativeTarget;
			buildConfigurationList = C01FCF4A08A954540054247B /* Build configuration list for PBXNativeTarget "StoneMill" */;
			buildPhases = (
				8D1107290486CEB800E47090 /* Resources */,
				8D11072C0486CEB800E47090 /* Sources */,
				8D11072E0486CEB800E47090 /* Frameworks */,
			);
			buildRules = (
			);
			dependencies = (
			);
			name = StoneMill;
			productInstallPath = "$(HOME)/Applications";
			productName = Mills;
			productReference = 8D1107320486CEB800E47090 /* StoneMill.app */;
			productType = "com.apple.product-type.application";
		};
/* End PBXNativeTarget section */

/* Begin PBXProject section */
		29B97313FDCFA39411CA2CEA /* Project object */ = {
			isa = PBXProject;
			buildConfigurationList = C01FCF4E08A954540054247B /* Build configuration list for PBXProject "StoneMill" */;
			compatibilityVersion = "Xcode 3.0";
			developmentRegion = English;
			hasScannedForEncodings = 1;
			knownRegions = (
				en,
				de,
			);
			mainGroup = 29B97314FDCFA39411CA2CEA /* Mills */;
			projectDirPath = "";
			projectRoot = "";
			targets = (
				8D1107260486CEB800E47090 /* StoneMill */,
			);
		};
/* End PBXProject section */

/* Begin PBXResourcesBuildPhase section */
		8D1107290486CEB800E47090 /* Resources */ = {
			isa = PBXResourcesBuildPhase;
			buildActionMask = 2147483647;
			files = (
				8D11072A0486CEB800E47090 /* MainMenu.nib in Resources */,
				8D11072B0486CEB800E47090 /* InfoPlist.strings in Resources */,
				AE8246BA139834CA00A351F8 /* Board.png in Resources */,
				AE5D79F1139C6AC2001C9FE7 /* Quarry.png in Resources */,
				AE2A330D139D8855009EE448 /* Notes.rtf in Resources */,
				AEA2AB16139DB953009919A0 /* Drop Zone.png in Resources */,
				AE80F5C513B5392400D7D227 /* Regular_CoordMap.plist in Resources */,
				AE2B777B13C376B20003CAEA /* Background.png in Resources */,
				AE2923D513C6932400AEC1BF /* Game_Paused.png in Resources */,
				AEFA96F713D22493000A9C2F /* Closed.wav in Resources */,
				AEFA96F813D22493000A9C2F /* Error.wav in Resources */,
				AEFA96FB13D388D1000A9C2F /* Regular_Mill.png in Resources */,
				AEFA96FD13D38CD2000A9C2F /* Remove.wav in Resources */,
				AEFA96FF13D39D9F000A9C2F /* Click.wav in Resources */,
				AEFA970113D3A245000A9C2F /* Möbius_Mill.png in Resources */,
				AEFA970313D3A251000A9C2F /* Möbius_CoordMap.plist in Resources */,
				AE46CD4013D6318C002EB60F /* Blue_Active.png in Resources */,
				AE46CD4113D6318C002EB60F /* Blue_Inactive.png in Resources */,
				AE46CD4313D6318C002EB60F /* Ghost_Inactive.png in Resources */,
				AE46CD4413D6318C002EB60F /* Gold_Active.png in Resources */,
				AE46CD4513D6318C002EB60F /* Gold_Inactive.png in Resources */,
				AE46CD5213DA148B002EB60F /* Game_Blue_Wins.png in Resources */,
				AE46CD5313DA148B002EB60F /* Game_Draw.png in Resources */,
				AE46CD5413DA148B002EB60F /* Game_Gold_Wins.png in Resources */,
				AE46CD5613DA2390002EB60F /* Bottom_Tab.png in Resources */,
				AEA9926413EA481700C9CB82 /* Boards.plist in Resources */,
			);
			runOnlyForDeploymentPostprocessing = 0;
		};
/* End PBXResourcesBuildPhase section */

/* Begin PBXSourcesBuildPhase section */
		8D11072C0486CEB800E47090 /* Sources */ = {
			isa = PBXSourcesBuildPhase;
			buildActionMask = 2147483647;
			files = (
				8D11072D0486CEB800E47090 /* main.m in Sources */,
				AE824A131398525900A351F8 /* GameTile.m in Sources */,
				AE824A141398525900A351F8 /* GameView.m in Sources */,
				AE824A151398525900A351F8 /* MainController.m in Sources */,
				AE824A161398525900A351F8 /* GameController.m in Sources */,
				AEAC6D5013985A0E00698915 /* KBLabel.m in Sources */,
				AE5D7898139C4DB3001C9FE7 /* GamePlayer.m in Sources */,
			);
			runOnlyForDeploymentPostprocessing = 0;
		};
/* End PBXSourcesBuildPhase section */

/* Begin PBXVariantGroup section */
		089C165CFE840E0CC02AAC07 /* InfoPlist.strings */ = {
			isa = PBXVariantGroup;
			children = (
				089C165DFE840E0CC02AAC07 /* English */,
			);
			name = InfoPlist.strings;
			sourceTree = "<group>";
		};
		29B97318FDCFA39411CA2CEA /* MainMenu.nib */ = {
			isa = PBXVariantGroup;
			children = (
				29B97319FDCFA39411CA2CEA /* English */,
			);
			name = MainMenu.nib;
			sourceTree = "<group>";
		};
/* End PBXVariantGroup section */

/* Begin XCBuildConfiguration section */
		C01FCF4B08A954540054247B /* Debug */ = {
			isa = XCBuildConfiguration;
			buildSettings = {
				ARCHS = "$(ONLY_ACTIVE_ARCH_PRE_XCODE_3_1)";
				COPY_PHASE_STRIP = NO;
				GCC_DYNAMIC_NO_PIC = NO;
				GCC_ENABLE_FIX_AND_CONTINUE = YES;
				GCC_MODEL_TUNING = G5;
				GCC_OPTIMIZATION_LEVEL = 0;
				GCC_PRECOMPILE_PREFIX_HEADER = YES;
				GCC_PREFIX_HEADER = StoneMill_Prefix.pch;
				INFOPLIST_FILE = Info.plist;
				INSTALL_PATH = "$(HOME)/Applications";
				MACOSX_DEPLOYMENT_TARGET = 10.5;
				ONLY_ACTIVE_ARCH_PRE_XCODE_3_1 = "$(NATIVE_ARCH_ACTUAL)";
				PRODUCT_NAME = StoneMill;
				SDKROOT = "$(DEVELOPER_SDK_DIR)/MacOSX10.6.sdk";
				WRAPPER_EXTENSION = app;
				ZERO_LINK = YES;
			};
			name = Debug;
		};
		C01FCF4C08A954540054247B /* Release */ = {
			isa = XCBuildConfiguration;
			buildSettings = {
				ARCHS = "$(ARCHS_STANDARD_32_64_BIT_PRE_XCODE_3_1)";
				ARCHS_STANDARD_32_64_BIT_PRE_XCODE_3_1 = "x86_64 i386 ppc";
				DEBUG_INFORMATION_FORMAT = "dwarf-with-dsym";
				GCC_MODEL_TUNING = G5;
				GCC_PRECOMPILE_PREFIX_HEADER = YES;
				GCC_PREFIX_HEADER = StoneMill_Prefix.pch;
				INFOPLIST_FILE = Info.plist;
				INSTALL_PATH = "$(HOME)/Applications";
				MACOSX_DEPLOYMENT_TARGET = 10.5;
				PRODUCT_NAME = StoneMill;
				SDKROOT = "$(DEVELOPER_SDK_DIR)/MacOSX10.6.sdk";
				WRAPPER_EXTENSION = app;
			};
			name = Release;
		};
		C01FCF4F08A954540054247B /* Debug */ = {
			isa = XCBuildConfiguration;
			buildSettings = {
				GCC_WARN_ABOUT_RETURN_TYPE = YES;
				GCC_WARN_UNUSED_VARIABLE = YES;
				MACOSX_DEPLOYMENT_TARGET = 10.5;
				PREBINDING = NO;
				SDKROOT = "$(DEVELOPER_SDK_DIR)/MacOSX10.6.sdk";
			};
			name = Debug;
		};
		C01FCF5008A954540054247B /* Release */ = {
			isa = XCBuildConfiguration;
			buildSettings = {
				ARCHS = (
					ppc,
					i386,
				);
				GCC_WARN_ABOUT_RETURN_TYPE = YES;
				GCC_WARN_UNUSED_VARIABLE = YES;
				MACOSX_DEPLOYMENT_TARGET = 10.5;
				PREBINDING = NO;
				SDKROOT = "$(DEVELOPER_SDK_DIR)/MacOSX10.6.sdk";
			};
			name = Release;
		};
/* End XCBuildConfiguration section */

/* Begin XCConfigurationList section */
		C01FCF4A08A954540054247B /* Build configuration list for PBXNativeTarget "StoneMill" */ = {
			isa = XCConfigurationList;
			buildConfigurations = (
				C01FCF4B08A954540054247B /* Debug */,
				C01FCF4C08A954540054247B /* Release */,
			);
			defaultConfigurationIsVisible = 0;
			defaultConfigurationName = Release;
		};
		C01FCF4E08A954540054247B /* Build configuration list for PBXProject "StoneMill" */ = {
			isa = XCConfigurationList;
			buildConfigurations = (
				C01FCF4F08A954540054247B /* Debug */,
				C01FCF5008A954540054247B /* Release */,
			);
			defaultConfigurationIsVisible = 0;
			defaultConfigurationName = Release;
		};
/* End XCConfigurationList section */
	};
	rootObject = 29B97313FDCFA39411CA2CEA /* Project object */;
}
